<?xml version="1.0" encoding="utf-8"?>
<Project ToolsVersion="4.0" xmlns="http://schemas.microsoft.com/developer/msbuild/2003">
  <ItemGroup>
    <Filter Include="Source Files">
      <UniqueIdentifier>{4FC737F1-C7A5-4376-A066-2A32D752A2FF}</UniqueIdentifier>
      <Extensions>cpp;c;cc;cxx;def;odl;idl;hpj;bat;asm;asmx</Extensions>
    </Filter>
    <Filter Include="Header Files">
      <UniqueIdentifier>{93995380-89BD-4b04-88EB-625FBE52EBFB}</UniqueIdentifier>
      <Extensions>h;hh;hpp;hxx;hm;inl;inc;ipp;xsd</Extensions>
    </Filter>
    <Filter Include="Resource Files">
      <UniqueIdentifier>{67DA6AB6-F800-4c08-8B7A-83BB121AAD01}</UniqueIdentifier>
      <Extensions>rc;ico;cur;bmp;dlg;rc2;rct;bin;rgs;gif;jpg;jpeg;jpe;resx;tiff;tif;png;wav;mfcribbon-ms</Extensions>
    </Filter>
  </ItemGroup>
  <ItemGroup>
    <ClCompile Include="main.cpp">
      <Filter>Source Files</Filter>
    </ClCompile>
    <ClCompile Include="Controllers\CoreController.cpp">
      <Filter>Source Files</Filter>
    </ClCompile>
    <ClCompile Include="Controllers\SFMLController.cpp">
      <Filter>Source Files</Filter>
    </ClCompile>
    <ClCompile Include="Helpers\Logger.cpp">
      <Filter>Source Files</Filter>
    </ClCompile>
    <ClCompile Include="Helpers\Coordinate.cpp">
      <Filter>Source Files</Filter>
    </ClCompile>
    <ClCompile Include="Systems\Plot\Plot.cpp">
      <Filter>Source Files</Filter>
    </ClCompile>
    <ClCompile Include="Systems\Plot\PlotSystem.cpp">
      <Filter>Source Files</Filter>
    </ClCompile>
    <ClCompile Include="Controllers\ViewPortController.cpp">
      <Filter>Source Files</Filter>
    </ClCompile>
    <ClCompile Include="Systems\Citizen\Citizen.cpp">
      <Filter>Source Files</Filter>
    </ClCompile>
    <ClCompile Include="Systems\Citizen\CitizenSystem.cpp">
      <Filter>Source Files</Filter>
    </ClCompile>
    <ClCompile Include="Controllers\SystemController.cpp">
      <Filter>Source Files</Filter>
    </ClCompile>
    <ClCompile Include="Systems\Food\FoodSystem.cpp">
      <Filter>Source Files</Filter>
    </ClCompile>
    <ClCompile Include="Systems\Food\Food.cpp">
      <Filter>Source Files</Filter>
    </ClCompile>
    <ClCompile Include="Log.cpp">
      <Filter>Source Files</Filter>
    </ClCompile>
    <ClCompile Include="Controllers\FontController.cpp">
      <Filter>Source Files</Filter>
    </ClCompile>
    <ClCompile Include="Controllers\UIController.cpp">
      <Filter>Source Files</Filter>
    </ClCompile>
    <ClCompile Include="Helpers\PathFinder\PathFinder.cpp">
      <Filter>Source Files</Filter>
    </ClCompile>
    <ClCompile Include="Helpers\PathFinder\PathFinderNode.cpp">
      <Filter>Source Files</Filter>
    </ClCompile>
    <ClCompile Include="Systems\Work\Work.cpp">
      <Filter>Source Files</Filter>
    </ClCompile>
    <ClCompile Include="Systems\Work\WorkRule.cpp">
      <Filter>Source Files</Filter>
    </ClCompile>
    <ClCompile Include="Systems\Work\WorkSystem.cpp">
      <Filter>Source Files</Filter>
    </ClCompile>
    <ClCompile Include="Systems\Bank\BankSystem.cpp">
      <Filter>Source Files</Filter>
    </ClCompile>
    <ClCompile Include="Systems\Bank\Bank.cpp">
      <Filter>Source Files</Filter>
    </ClCompile>
    <ClCompile Include="Systems\Bank\BankRule.cpp">
      <Filter>Source Files</Filter>
    </ClCompile>
    <ClCompile Include="Systems\Home\HomeSystem.cpp">
      <Filter>Source Files</Filter>
    </ClCompile>
    <ClCompile Include="Systems\Home\Home.cpp">
      <Filter>Source Files</Filter>
    </ClCompile>
    <ClCompile Include="Systems\Home\HomeRule.cpp">
      <Filter>Source Files</Filter>
    </ClCompile>
    <ClCompile Include="Systems\Store\Store.cpp">
      <Filter>Source Files</Filter>
    </ClCompile>
    <ClCompile Include="Systems\Store\StoreRule.cpp">
      <Filter>Source Files</Filter>
    </ClCompile>
    <ClCompile Include="Systems\Store\StoreSystem.cpp">
      <Filter>Source Files</Filter>
    </ClCompile>
    <ClCompile Include="Systems\Hospital\Hospital.cpp">
      <Filter>Source Files</Filter>
    </ClCompile>
    <ClCompile Include="Systems\Food\FoodRule.cpp">
      <Filter>Source Files</Filter>
    </ClCompile>
    <ClCompile Include="Systems\Hospital\HospitalRule.cpp">
      <Filter>Source Files</Filter>
    </ClCompile>
    <ClCompile Include="Systems\Hospital\HospitalSystem.cpp">
      <Filter>Source Files</Filter>
    </ClCompile>
    <ClCompile Include="Systems\School\School.cpp">
      <Filter>Source Files</Filter>
    </ClCompile>
    <ClCompile Include="Systems\School\SchoolRule.cpp">
      <Filter>Source Files</Filter>
    </ClCompile>
    <ClCompile Include="Systems\School\SchoolSystem.cpp">
      <Filter>Source Files</Filter>
    </ClCompile>
    <ClCompile Include="Disaster.cpp">
      <Filter>Source Files</Filter>
    </ClCompile>
    <ClCompile Include="Controllers\DisasterController.cpp">
      <Filter>Source Files</Filter>
    </ClCompile>
    <ClCompile Include="Controllers\UiObjects\Slider.cpp">
      <Filter>Source Files</Filter>
    </ClCompile>
    <ClCompile Include="Systems\River\River.cpp">
      <Filter>Source Files</Filter>
    </ClCompile>
    <ClCompile Include="Helpers\Road.cpp">
      <Filter>Source Files</Filter>
    </ClCompile>
    <ClCompile Include="Controllers\UiObjects\Button.cpp">
      <Filter>Source Files</Filter>
    </ClCompile>
    <ClCompile Include="Helpers\Government.cpp">
      <Filter>Source Files</Filter>
    </ClCompile>
    <ClCompile Include="Controllers\UiObjects\Status.cpp">
      <Filter>Source Files</Filter>
    </ClCompile>
  </ItemGroup>
  <ItemGroup>
    <ClInclude Include="Collections\Node.h">
      <Filter>Header Files</Filter>
    </ClInclude>
    <ClInclude Include="Controllers\CoreController.h">
      <Filter>Header Files</Filter>
    </ClInclude>
    <ClInclude Include="Controllers\SFMLController.h">
      <Filter>Header Files</Filter>
    </ClInclude>
    <ClInclude Include="Helpers\Constants.h">
      <Filter>Header Files</Filter>
    </ClInclude>
    <ClInclude Include="Helpers\CustomExceptions.h">
      <Filter>Header Files</Filter>
    </ClInclude>
    <ClInclude Include="Helpers\Logger.h">
      <Filter>Header Files</Filter>
    </ClInclude>
    <ClInclude Include="Helpers\Coordinate.h">
      <Filter>Header Files</Filter>
    </ClInclude>
    <ClInclude Include="Systems\Plot\Plot.h">
      <Filter>Header Files</Filter>
    </ClInclude>
    <ClInclude Include="Systems\Plot\PlotSystem.h">
      <Filter>Header Files</Filter>
    </ClInclude>
    <ClInclude Include="Collections\List.h">
      <Filter>Header Files</Filter>
    </ClInclude>
    <ClInclude Include="Controllers\ViewPortController.h">
      <Filter>Header Files</Filter>
    </ClInclude>
    <ClInclude Include="Systems\Citizen\Citizen.h">
      <Filter>Header Files</Filter>
    </ClInclude>
    <ClInclude Include="Systems\Citizen\CitizenSystem.h">
      <Filter>Header Files</Filter>
    </ClInclude>
    <ClInclude Include="Systems\Base\Base.h">
      <Filter>Header Files</Filter>
    </ClInclude>
    <ClInclude Include="Systems\Base\BaseRule.h">
      <Filter>Header Files</Filter>
    </ClInclude>
    <ClInclude Include="Systems\Base\BaseSystem.h">
      <Filter>Header Files</Filter>
    </ClInclude>
    <ClInclude Include="Controllers\SystemController.h">
      <Filter>Header Files</Filter>
    </ClInclude>
    <ClInclude Include="Helpers\Time.h">
      <Filter>Header Files</Filter>
    </ClInclude>
    <ClInclude Include="Systems\SystemEnum.h">
      <Filter>Header Files</Filter>
    </ClInclude>
    <ClInclude Include="Log.h">
      <Filter>Header Files</Filter>
    </ClInclude>
    <ClInclude Include="Assets\Fonts\Monofur.h">
      <Filter>Header Files</Filter>
    </ClInclude>
    <ClInclude Include="Controllers\FontController.h">
      <Filter>Header Files</Filter>
    </ClInclude>
    <ClInclude Include="Controllers\UIController.h">
      <Filter>Header Files</Filter>
    </ClInclude>
    <ClInclude Include="Helpers\PathFinder\PathFinder.h">
      <Filter>Header Files</Filter>
    </ClInclude>
    <ClInclude Include="Collections\Queue.h">
      <Filter>Header Files</Filter>
    </ClInclude>
    <ClInclude Include="Collections\PriorityQueue.h">
      <Filter>Header Files</Filter>
    </ClInclude>
    <ClInclude Include="Collections\PriorityNode.h">
      <Filter>Header Files</Filter>
    </ClInclude>
    <ClInclude Include="Helpers\PathFinder\PathFinderNode.h">
      <Filter>Header Files</Filter>
    </ClInclude>
    <ClInclude Include="Collections\Stack.h">
      <Filter>Header Files</Filter>
    </ClInclude>
    <ClInclude Include="Systems\Work\WorkRule.h">
      <Filter>Header Files</Filter>
    </ClInclude>
    <ClInclude Include="Systems\Work\WorkSystem.h">
      <Filter>Header Files</Filter>
    </ClInclude>
    <ClInclude Include="Systems\Work\WorkRule.h">
      <Filter>Header Files</Filter>
    </ClInclude>
    <ClInclude Include="Systems\Work\WorkSystem.h">
      <Filter>Header Files</Filter>
    </ClInclude>
    <ClInclude Include="Systems\Work\Work.h">
      <Filter>Header Files</Filter>
    </ClInclude>
    <ClInclude Include="Collections\MinHeap.h">
      <Filter>Header Files</Filter>
    </ClInclude>
    <ClInclude Include="Systems\Bank\BankSystem.h">
      <Filter>Header Files</Filter>
    </ClInclude>
    <ClInclude Include="Systems\Bank\Bank.h">
      <Filter>Header Files</Filter>
    </ClInclude>
    <ClInclude Include="Systems\Bank\BankRule.h">
      <Filter>Header Files</Filter>
    </ClInclude>
    <ClInclude Include="Systems\Home\HomeSystem.h">
      <Filter>Header Files</Filter>
    </ClInclude>
    <ClInclude Include="Systems\Home\Home.h">
      <Filter>Header Files</Filter>
    </ClInclude>
    <ClInclude Include="Systems\Home\HomeRule.h">
      <Filter>Header Files</Filter>
    </ClInclude>
    <ClInclude Include="Systems\Store\Store.h">
      <Filter>Header Files</Filter>
    </ClInclude>
    <ClInclude Include="Systems\Store\StoreRule.h">
      <Filter>Header Files</Filter>
    </ClInclude>
    <ClInclude Include="Systems\Store\StoreSystem.h">
      <Filter>Header Files</Filter>
    </ClInclude>
    <ClInclude Include="Systems\Hospital\Hospital.h">
      <Filter>Header Files</Filter>
    </ClInclude>
    <ClInclude Include="Systems\Hospital\HospitalRule.h">
      <Filter>Header Files</Filter>
    </ClInclude>
    <ClInclude Include="Systems\Hospital\HospitalSystem.h">
      <Filter>Header Files</Filter>
    </ClInclude>
    <ClInclude Include="Systems\School\School.h">
      <Filter>Header Files</Filter>
    </ClInclude>
    <ClInclude Include="Systems\School\SchoolRule.h">
      <Filter>Header Files</Filter>
    </ClInclude>
    <ClInclude Include="Systems\School\SchoolSystem.h">
      <Filter>Header Files</Filter>
    </ClInclude>
    <ClInclude Include="Helpers\HelperFunctions.h">
      <Filter>Header Files</Filter>
    </ClInclude>
    <ClInclude Include="Helpers\FeatureFlags.h">
      <Filter>Header Files</Filter>
    </ClInclude>
    <ClInclude Include="Controllers\UiObjects\SelectionButton.h">
      <Filter>Header Files</Filter>
    </ClInclude>
    <ClInclude Include="Controllers\UiObjects\SatisBar.h">
      <Filter>Header Files</Filter>
    </ClInclude>
    <ClInclude Include="Collections\LinkedList.h">
      <Filter>Header Files</Filter>
    </ClInclude>
    <ClInclude Include="Collections\Interfaces\IList.h">
      <Filter>Header Files</Filter>
    </ClInclude>
    <ClInclude Include="Collections\LinkedIterator.h">
      <Filter>Header Files</Filter>
    </ClInclude>
    <ClInclude Include="Collections\ListIterator.h">
      <Filter>Header Files</Filter>
    </ClInclude>
    <ClInclude Include="Disaster.h">
      <Filter>Header Files</Filter>
    </ClInclude>
    <ClInclude Include="Controllers\DisasterController.h">
      <Filter>Header Files</Filter>
    </ClInclude>
    <ClInclude Include="Controllers\UiObjects\Slider.h">
      <Filter>Header Files</Filter>
    </ClInclude>
    <ClInclude Include="Systems\River\River.h">
      <Filter>Header Files</Filter>
    </ClInclude>
    <ClInclude Include="Helpers\Road.h">
      <Filter>Header Files</Filter>
    </ClInclude>
    <ClInclude Include="Helpers\Line.h">
      <Filter>Header Files</Filter>
    </ClInclude>
    <ClInclude Include="Controllers\UiObjects\Button.h">
      <Filter>Header Files</Filter>
    </ClInclude>
    <ClInclude Include="Helpers\Government.h">
      <Filter>Header Files</Filter>
    </ClInclude>
    <ClInclude Include="Controllers\UiObjects\Status.hpp">
      <Filter>Header Files</Filter>
    </ClInclude>
    <ClInclude Include="Systems\Food\Food.hpp">
      <Filter>Header Files</Filter>
    </ClInclude>
    <ClInclude Include="Systems\Food\FoodRule.hpp">
      <Filter>Header Files</Filter>
    </ClInclude>
    <ClInclude Include="Systems\Food\FoodSystem.hpp">
      <Filter>Header Files</Filter>
    </ClInclude>
    <ClInclude Include="Systems\Citizen\CitizenEnum.h">
      <Filter>Header Files</Filter>
    </ClInclude>
  </ItemGroup>
</Project>